
Microsoft Visual Studio Solution File, Format Version 12.00
# Visual Studio Version 17
VisualStudioVersion = 17.9.34728.123
MinimumVisualStudioVersion = 10.0.40219.1
Project("{FAE04EC0-301F-11D3-BF4B-00C04F79EFBC}") = "Web-app-core-mvc-5292024", "Web-app-core-mvc-5292024\Web-app-core-mvc-5292024.csproj", "{1C7D755E-406C-4AC7-B58B-23D197D27766}"
EndProject
Global
	GlobalSection(SolutionConfigurationPlatforms) = preSolution
		Debug|Any CPU = Debug|Any CPU
		Release|Any CPU = Release|Any CPU
	EndGlobalSection
	GlobalSection(ProjectConfigurationPlatforms) = postSolution
		{1C7D755E-406C-4AC7-B58B-23D197D27766}.Debug|Any CPU.ActiveCfg = Debug|Any CPU
		{1C7D755E-406C-4AC7-B58B-23D197D27766}.Debug|Any CPU.Build.0 = Debug|Any CPU
		{1C7D755E-406C-4AC7-B58B-23D197D27766}.Release|Any CPU.ActiveCfg = Release|Any CPU
		{1C7D755E-406C-4AC7-B58B-23D197D27766}.Release|Any CPU.Build.0 = Release|Any CPU
	EndGlobalSection
	GlobalSection(SolutionProperties) = preSolution
		HideSolutionNode = FALSE
	EndGlobalSection
	GlobalSection(ExtensibilityGlobals) = postSolution
		SolutionGuid = {AA432E1F-302D-4EC5-AD5F-75521A398871}
	EndGlobalSection
EndGlobal
